
Microsoft Visual Studio Solution File, Format Version 12.00
# Visual Studio 15
VisualStudioVersion = 15.0.27130.2036
MinimumVisualStudioVersion = 10.0.40219.1
Project("{FAE04EC0-301F-11D3-BF4B-00C04F79EFBC}") = "PowerPipes", "PowerPipes\PowerPipes.csproj", "{5F118C5D-E91B-4127-8EC5-88E855735163}"
EndProject
Global
	GlobalSection(SolutionConfigurationPlatforms) = preSolution
		Debug|Any CPU = Debug|Any CPU
		Release|Any CPU = Release|Any CPU
	EndGlobalSection
	GlobalSection(ProjectConfigurationPlatforms) = postSolution
		{5F118C5D-E91B-4127-8EC5-88E855735163}.Debug|Any CPU.ActiveCfg = Debug|Any CPU
		{5F118C5D-E91B-4127-8EC5-88E855735163}.Debug|Any CPU.Build.0 = Debug|Any CPU
		{5F118C5D-E91B-4127-8EC5-88E855735163}.Release|Any CPU.ActiveCfg = Release|Any CPU
		{5F118C5D-E91B-4127-8EC5-88E855735163}.Release|Any CPU.Build.0 = Release|Any CPU
	EndGlobalSection
	GlobalSection(SolutionProperties) = preSolution
		HideSolutionNode = FALSE
	EndGlobalSection
	GlobalSection(ExtensibilityGlobals) = postSolution
		SolutionGuid = {8621D300-DB5B-46C3-9C99-F39B9618A853}
	EndGlobalSection
EndGlobal
